// !$*UTF8*$!
{
	archiveVersion = 1;
	classes = {
	};
	objectVersion = 56;
	objects = {

/* Begin PBXBuildFile section */
		470F79092ADD698B0058A097 /* SwiftyLibrary.docc in Sources */ = {isa = PBXBuildFile; fileRef = 470F79082ADD698B0058A097 /* SwiftyLibrary.docc */; };
		470F790F2ADD698B0058A097 /* SwiftyLibrary.framework in Frameworks */ = {isa = PBXBuildFile; fileRef = 470F79042ADD698B0058A097 /* SwiftyLibrary.framework */; };
		470F79142ADD698B0058A097 /* SwiftyLibraryTests.swift in Sources */ = {isa = PBXBuildFile; fileRef = 470F79132ADD698B0058A097 /* SwiftyLibraryTests.swift */; };
		470F79252ADD6BED0058A097 /* SwiftyLibraryExamplesApp.swift in Sources */ = {isa = PBXBuildFile; fileRef = 470F79242ADD6BED0058A097 /* SwiftyLibraryExamplesApp.swift */; };
		470F79272ADD6BED0058A097 /* ContentView.swift in Sources */ = {isa = PBXBuildFile; fileRef = 470F79262ADD6BED0058A097 /* ContentView.swift */; };
		470F79292ADD6BEE0058A097 /* Assets.xcassets in Resources */ = {isa = PBXBuildFile; fileRef = 470F79282ADD6BEE0058A097 /* Assets.xcassets */; };
		470F792C2ADD6BEE0058A097 /* Preview Assets.xcassets in Resources */ = {isa = PBXBuildFile; fileRef = 470F792B2ADD6BEE0058A097 /* Preview Assets.xcassets */; };
		470F79312AE0841C0058A097 /* SwiftyLibrary.swift in Sources */ = {isa = PBXBuildFile; fileRef = 470F79302AE0841C0058A097 /* SwiftyLibrary.swift */; };
/* End PBXBuildFile section */

/* Begin PBXContainerItemProxy section */
		470F79102ADD698B0058A097 /* PBXContainerItemProxy */ = {
			isa = PBXContainerItemProxy;
			containerPortal = 470F78FB2ADD698B0058A097 /* Project object */;
			proxyType = 1;
			remoteGlobalIDString = 470F79032ADD698B0058A097;
			remoteInfo = SwiftyLibrary;
		};
/* End PBXContainerItemProxy section */

/* Begin PBXFileReference section */
		470F79042ADD698B0058A097 /* SwiftyLibrary.framework */ = {isa = PBXFileReference; explicitFileType = wrapper.framework; includeInIndex = 0; path = SwiftyLibrary.framework; sourceTree = BUILT_PRODUCTS_DIR; };
		470F79082ADD698B0058A097 /* SwiftyLibrary.docc */ = {isa = PBXFileReference; lastKnownFileType = folder.documentationcatalog; path = SwiftyLibrary.docc; sourceTree = "<group>"; };
		470F790E2ADD698B0058A097 /* SwiftyLibraryTests.xctest */ = {isa = PBXFileReference; explicitFileType = wrapper.cfbundle; includeInIndex = 0; path = SwiftyLibraryTests.xctest; sourceTree = BUILT_PRODUCTS_DIR; };
		470F79132ADD698B0058A097 /* SwiftyLibraryTests.swift */ = {isa = PBXFileReference; lastKnownFileType = sourcecode.swift; path = SwiftyLibraryTests.swift; sourceTree = "<group>"; };
		470F79222ADD6BED0058A097 /* SwiftyLibraryExamples.app */ = {isa = PBXFileReference; explicitFileType = wrapper.application; includeInIndex = 0; path = SwiftyLibraryExamples.app; sourceTree = BUILT_PRODUCTS_DIR; };
		470F79242ADD6BED0058A097 /* SwiftyLibraryExamplesApp.swift */ = {isa = PBXFileReference; lastKnownFileType = sourcecode.swift; path = SwiftyLibraryExamplesApp.swift; sourceTree = "<group>"; };
		470F79262ADD6BED0058A097 /* ContentView.swift */ = {isa = PBXFileReference; lastKnownFileType = sourcecode.swift; path = ContentView.swift; sourceTree = "<group>"; };
		470F79282ADD6BEE0058A097 /* Assets.xcassets */ = {isa = PBXFileReference; lastKnownFileType = folder.assetcatalog; path = Assets.xcassets; sourceTree = "<group>"; };
		470F792B2ADD6BEE0058A097 /* Preview Assets.xcassets */ = {isa = PBXFileReference; lastKnownFileType = folder.assetcatalog; path = "Preview Assets.xcassets"; sourceTree = "<group>"; };
		470F79302AE0841C0058A097 /* SwiftyLibrary.swift */ = {isa = PBXFileReference; lastKnownFileType = sourcecode.swift; path = SwiftyLibrary.swift; sourceTree = "<group>"; };
/* End PBXFileReference section */

/* Begin PBXFrameworksBuildPhase section */
		470F79012ADD698B0058A097 /* Frameworks */ = {
			isa = PBXFrameworksBuildPhase;
			buildActionMask = 2147483647;
			files = (
			);
			runOnlyForDeploymentPostprocessing = 0;
		};
		470F790B2ADD698B0058A097 /* Frameworks */ = {
			isa = PBXFrameworksBuildPhase;
			buildActionMask = 2147483647;
			files = (
				470F790F2ADD698B0058A097 /* SwiftyLibrary.framework in Frameworks */,
			);
			runOnlyForDeploymentPostprocessing = 0;
		};
		470F791F2ADD6BED0058A097 /* Frameworks */ = {
			isa = PBXFrameworksBuildPhase;
			buildActionMask = 2147483647;
			files = (
			);
			runOnlyForDeploymentPostprocessing = 0;
		};
/* End PBXFrameworksBuildPhase section */

/* Begin PBXGroup section */
		470F78FA2ADD698B0058A097 = {
			isa = PBXGroup;
			children = (
				470F79062ADD698B0058A097 /* SwiftyLibrary */,
				470F79122ADD698B0058A097 /* SwiftyLibraryTests */,
				470F79232ADD6BED0058A097 /* SwiftyLibraryExamples */,
				470F79052ADD698B0058A097 /* Products */,
			);
			sourceTree = "<group>";
		};
		470F79052ADD698B0058A097 /* Products */ = {
			isa = PBXGroup;
			children = (
				470F79042ADD698B0058A097 /* SwiftyLibrary.framework */,
				470F790E2ADD698B0058A097 /* SwiftyLibraryTests.xctest */,
				470F79222ADD6BED0058A097 /* SwiftyLibraryExamples.app */,
			);
			name = Products;
			sourceTree = "<group>";
		};
		470F79062ADD698B0058A097 /* SwiftyLibrary */ = {
			isa = PBXGroup;
			children = (
				470F79082ADD698B0058A097 /* SwiftyLibrary.docc */,
				470F79302AE0841C0058A097 /* SwiftyLibrary.swift */,
			);
			path = SwiftyLibrary;
			sourceTree = "<group>";
		};
		470F79122ADD698B0058A097 /* SwiftyLibraryTests */ = {
			isa = PBXGroup;
			children = (
				470F79132ADD698B0058A097 /* SwiftyLibraryTests.swift */,
			);
			path = SwiftyLibraryTests;
			sourceTree = "<group>";
		};
		470F79232ADD6BED0058A097 /* SwiftyLibraryExamples */ = {
			isa = PBXGroup;
			children = (
				470F79242ADD6BED0058A097 /* SwiftyLibraryExamplesApp.swift */,
				470F79262ADD6BED0058A097 /* ContentView.swift */,
				470F79282ADD6BEE0058A097 /* Assets.xcassets */,
				470F792A2ADD6BEE0058A097 /* Preview Content */,
			);
			path = SwiftyLibraryExamples;
			sourceTree = "<group>";
		};
		470F792A2ADD6BEE0058A097 /* Preview Content */ = {
			isa = PBXGroup;
			children = (
				470F792B2ADD6BEE0058A097 /* Preview Assets.xcassets */,
			);
			path = "Preview Content";
			sourceTree = "<group>";
		};
/* End PBXGroup section */

/* Begin PBXHeadersBuildPhase section */
		470F78FF2ADD698B0058A097 /* Headers */ = {
			isa = PBXHeadersBuildPhase;
			buildActionMask = 2147483647;
			files = (
			);
			runOnlyForDeploymentPostprocessing = 0;
		};
/* End PBXHeadersBuildPhase section */

/* Begin PBXNativeTarget section */
		470F79032ADD698B0058A097 /* SwiftyLibrary */ = {
			isa = PBXNativeTarget;
			buildConfigurationList = 470F79182ADD698B0058A097 /* Build configuration list for PBXNativeTarget "SwiftyLibrary" */;
			buildPhases = (
				470F78FF2ADD698B0058A097 /* Headers */,
				470F79002ADD698B0058A097 /* Sources */,
				470F79012ADD698B0058A097 /* Frameworks */,
				470F79022ADD698B0058A097 /* Resources */,
			);
			buildRules = (
			);
			dependencies = (
			);
			name = SwiftyLibrary;
			productName = SwiftyLibrary;
			productReference = 470F79042ADD698B0058A097 /* SwiftyLibrary.framework */;
			productType = "com.apple.product-type.framework";
		};
		470F790D2ADD698B0058A097 /* SwiftyLibraryTests */ = {
			isa = PBXNativeTarget;
			buildConfigurationList = 470F791B2ADD698B0058A097 /* Build configuration list for PBXNativeTarget "SwiftyLibraryTests" */;
			buildPhases = (
				470F790A2ADD698B0058A097 /* Sources */,
				470F790B2ADD698B0058A097 /* Frameworks */,
				470F790C2ADD698B0058A097 /* Resources */,
			);
			buildRules = (
			);
			dependencies = (
				470F79112ADD698B0058A097 /* PBXTargetDependency */,
			);
			name = SwiftyLibraryTests;
			productName = SwiftyLibraryTests;
			productReference = 470F790E2ADD698B0058A097 /* SwiftyLibraryTests.xctest */;
			productType = "com.apple.product-type.bundle.unit-test";
		};
		470F79212ADD6BED0058A097 /* SwiftyLibraryExamples */ = {
			isa = PBXNativeTarget;
			buildConfigurationList = 470F792D2ADD6BEE0058A097 /* Build configuration list for PBXNativeTarget "SwiftyLibraryExamples" */;
			buildPhases = (
				470F791E2ADD6BED0058A097 /* Sources */,
				470F791F2ADD6BED0058A097 /* Frameworks */,
				470F79202ADD6BED0058A097 /* Resources */,
			);
			buildRules = (
			);
			dependencies = (
			);
			name = SwiftyLibraryExamples;
			productName = SwiftyLibraryExamples;
			productReference = 470F79222ADD6BED0058A097 /* SwiftyLibraryExamples.app */;
			productType = "com.apple.product-type.application";
		};
/* End PBXNativeTarget section */

/* Begin PBXProject section */
		470F78FB2ADD698B0058A097 /* Project object */ = {
			isa = PBXProject;
			attributes = {
				BuildIndependentTargetsInParallel = 1;
				LastSwiftUpdateCheck = 1430;
				LastUpgradeCheck = 1430;
				TargetAttributes = {
					470F79032ADD698B0058A097 = {
						CreatedOnToolsVersion = 14.3;
					};
					470F790D2ADD698B0058A097 = {
						CreatedOnToolsVersion = 14.3;
					};
					470F79212ADD6BED0058A097 = {
						CreatedOnToolsVersion = 14.3;
					};
				};
			};
			buildConfigurationList = 470F78FE2ADD698B0058A097 /* Build configuration list for PBXProject "SwiftyLibrary" */;
			compatibilityVersion = "Xcode 14.0";
			developmentRegion = en;
			hasScannedForEncodings = 0;
			knownRegions = (
				en,
				Base,
			);
			mainGroup = 470F78FA2ADD698B0058A097;
			productRefGroup = 470F79052ADD698B0058A097 /* Products */;
			projectDirPath = "";
			projectRoot = "";
			targets = (
				470F79032ADD698B0058A097 /* SwiftyLibrary */,
				470F790D2ADD698B0058A097 /* SwiftyLibraryTests */,
				470F79212ADD6BED0058A097 /* SwiftyLibraryExamples */,
			);
		};
/* End PBXProject section */

/* Begin PBXResourcesBuildPhase section */
		470F79022ADD698B0058A097 /* Resources */ = {
			isa = PBXResourcesBuildPhase;
			buildActionMask = 2147483647;
			files = (
			);
			runOnlyForDeploymentPostprocessing = 0;
		};
		470F790C2ADD698B0058A097 /* Resources */ = {
			isa = PBXResourcesBuildPhase;
			buildActionMask = 2147483647;
			files = (
			);
			runOnlyForDeploymentPostprocessing = 0;
		};
		470F79202ADD6BED0058A097 /* Resources */ = {
			isa = PBXResourcesBuildPhase;
			buildActionMask = 2147483647;
			files = (
				470F792C2ADD6BEE0058A097 /* Preview Assets.xcassets in Resources */,
				470F79292ADD6BEE0058A097 /* Assets.xcassets in Resources */,
			);
			runOnlyForDeploymentPostprocessing = 0;
		};
/* End PBXResourcesBuildPhase section */

/* Begin PBXSourcesBuildPhase section */
		470F79002ADD698B0058A097 /* Sources */ = {
			isa = PBXSourcesBuildPhase;
			buildActionMask = 2147483647;
			files = (
				470F79092ADD698B0058A097 /* SwiftyLibrary.docc in Sources */,
				470F79312AE0841C0058A097 /* SwiftyLibrary.swift in Sources */,
			);
			runOnlyForDeploymentPostprocessing = 0;
		};
		470F790A2ADD698B0058A097 /* Sources */ = {
			isa = PBXSourcesBuildPhase;
			buildActionMask = 2147483647;
			files = (
				470F79142ADD698B0058A097 /* SwiftyLibraryTests.swift in Sources */,
			);
			runOnlyForDeploymentPostprocessing = 0;
		};
		470F791E2ADD6BED0058A097 /* Sources */ = {
			isa = PBXSourcesBuildPhase;
			buildActionMask = 2147483647;
			files = (
				470F79272ADD6BED0058A097 /* ContentView.swift in Sources */,
				470F79252ADD6BED0058A097 /* SwiftyLibraryExamplesApp.swift in Sources */,
			);
			runOnlyForDeploymentPostprocessing = 0;
		};
/* End PBXSourcesBuildPhase section */

/* Begin PBXTargetDependency section */
		470F79112ADD698B0058A097 /* PBXTargetDependency */ = {
			isa = PBXTargetDependency;
			target = 470F79032ADD698B0058A097 /* SwiftyLibrary */;
			targetProxy = 470F79102ADD698B0058A097 /* PBXContainerItemProxy */;
		};
/* End PBXTargetDependency section */

/* Begin XCBuildConfiguration section */
		470F79162ADD698B0058A097 /* Debug */ = {
			isa = XCBuildConfiguration;
			buildSettings = {
				ALWAYS_SEARCH_USER_PATHS = NO;
				CLANG_ANALYZER_NONNULL = YES;
				CLANG_ANALYZER_NUMBER_OBJECT_CONVERSION = YES_AGGRESSIVE;
				CLANG_CXX_LANGUAGE_STANDARD = "gnu++20";
				CLANG_ENABLE_MODULES = YES;
				CLANG_ENABLE_OBJC_ARC = YES;
				CLANG_ENABLE_OBJC_WEAK = YES;
				CLANG_WARN_BLOCK_CAPTURE_AUTORELEASING = YES;
				CLANG_WARN_BOOL_CONVERSION = YES;
				CLANG_WARN_COMMA = YES;
				CLANG_WARN_CONSTANT_CONVERSION = YES;
				CLANG_WARN_DEPRECATED_OBJC_IMPLEMENTATIONS = YES;
				CLANG_WARN_DIRECT_OBJC_ISA_USAGE = YES_ERROR;
				CLANG_WARN_DOCUMENTATION_COMMENTS = YES;
				CLANG_WARN_EMPTY_BODY = YES;
				CLANG_WARN_ENUM_CONVERSION = YES;
				CLANG_WARN_INFINITE_RECURSION = YES;
				CLANG_WARN_INT_CONVERSION = YES;
				CLANG_WARN_NON_LITERAL_NULL_CONVERSION = YES;
				CLANG_WARN_OBJC_IMPLICIT_RETAIN_SELF = YES;
				CLANG_WARN_OBJC_LITERAL_CONVERSION = YES;
				CLANG_WARN_OBJC_ROOT_CLASS = YES_ERROR;
				CLANG_WARN_QUOTED_INCLUDE_IN_FRAMEWORK_HEADER = YES;
				CLANG_WARN_RANGE_LOOP_ANALYSIS = YES;
				CLANG_WARN_STRICT_PROTOTYPES = YES;
				CLANG_WARN_SUSPICIOUS_MOVE = YES;
				CLANG_WARN_UNGUARDED_AVAILABILITY = YES_AGGRESSIVE;
				CLANG_WARN_UNREACHABLE_CODE = YES;
				CLANG_WARN__DUPLICATE_METHOD_MATCH = YES;
				COPY_PHASE_STRIP = NO;
				CURRENT_PROJECT_VERSION = 1;
				DEBUG_INFORMATION_FORMAT = dwarf;
				ENABLE_STRICT_OBJC_MSGSEND = YES;
				ENABLE_TESTABILITY = YES;
				GCC_C_LANGUAGE_STANDARD = gnu11;
				GCC_DYNAMIC_NO_PIC = NO;
				GCC_NO_COMMON_BLOCKS = YES;
				GCC_OPTIMIZATION_LEVEL = 0;
				GCC_PREPROCESSOR_DEFINITIONS = (
					"DEBUG=1",
					"$(inherited)",
				);
				GCC_WARN_64_TO_32_BIT_CONVERSION = YES;
				GCC_WARN_ABOUT_RETURN_TYPE = YES_ERROR;
				GCC_WARN_UNDECLARED_SELECTOR = YES;
				GCC_WARN_UNINITIALIZED_AUTOS = YES_AGGRESSIVE;
				GCC_WARN_UNUSED_FUNCTION = YES;
				GCC_WARN_UNUSED_VARIABLE = YES;
				IPHONEOS_DEPLOYMENT_TARGET = 12.0;
				MTL_ENABLE_DEBUG_INFO = INCLUDE_SOURCE;
				MTL_FAST_MATH = YES;
				ONLY_ACTIVE_ARCH = YES;
				SDKROOT = iphoneos;
				SWIFT_ACTIVE_COMPILATION_CONDITIONS = DEBUG;
				SWIFT_OPTIMIZATION_LEVEL = "-Onone";
				VERSIONING_SYSTEM = "apple-generic";
				VERSION_INFO_PREFIX = "";
			};
			name = Debug;
		};
		470F79172ADD698B0058A097 /* Release */ = {
			isa = XCBuildConfiguration;
			buildSettings = {
				ALWAYS_SEARCH_USER_PATHS = NO;
				CLANG_ANALYZER_NONNULL = YES;
				CLANG_ANALYZER_NUMBER_OBJECT_CONVERSION = YES_AGGRESSIVE;
				CLANG_CXX_LANGUAGE_STANDARD = "gnu++20";
				CLANG_ENABLE_MODULES = YES;
				CLANG_ENABLE_OBJC_ARC = YES;
				CLANG_ENABLE_OBJC_WEAK = YES;
				CLANG_WARN_BLOCK_CAPTURE_AUTORELEASING = YES;
				CLANG_WARN_BOOL_CONVERSION = YES;
				CLANG_WARN_COMMA = YES;
				CLANG_WARN_CONSTANT_CONVERSION = YES;
				CLANG_WARN_DEPRECATED_OBJC_IMPLEMENTATIONS = YES;
				CLANG_WARN_DIRECT_OBJC_ISA_USAGE = YES_ERROR;
				CLANG_WARN_DOCUMENTATION_COMMENTS = YES;
				CLANG_WARN_EMPTY_BODY = YES;
				CLANG_WARN_ENUM_CONVERSION = YES;
				CLANG_WARN_INFINITE_RECURSION = YES;
				CLANG_WARN_INT_CONVERSION = YES;
				CLANG_WARN_NON_LITERAL_NULL_CONVERSION = YES;
				CLANG_WARN_OBJC_IMPLICIT_RETAIN_SELF = YES;
				CLANG_WARN_OBJC_LITERAL_CONVERSION = YES;
				CLANG_WARN_OBJC_ROOT_CLASS = YES_ERROR;
				CLANG_WARN_QUOTED_INCLUDE_IN_FRAMEWORK_HEADER = YES;
				CLANG_WARN_RANGE_LOOP_ANALYSIS = YES;
				CLANG_WARN_STRICT_PROTOTYPES = YES;
				CLANG_WARN_SUSPICIOUS_MOVE = YES;
				CLANG_WARN_UNGUARDED_AVAILABILITY = YES_AGGRESSIVE;
				CLANG_WARN_UNREACHABLE_CODE = YES;
				CLANG_WARN__DUPLICATE_METHOD_MATCH = YES;
				COPY_PHASE_STRIP = NO;
				CURRENT_PROJECT_VERSION = 1;
				DEBUG_INFORMATION_FORMAT = "dwarf-with-dsym";
				ENABLE_NS_ASSERTIONS = NO;
				ENABLE_STRICT_OBJC_MSGSEND = YES;
				GCC_C_LANGUAGE_STANDARD = gnu11;
				GCC_NO_COMMON_BLOCKS = YES;
				GCC_WARN_64_TO_32_BIT_CONVERSION = YES;
				GCC_WARN_ABOUT_RETURN_TYPE = YES_ERROR;
				GCC_WARN_UNDECLARED_SELECTOR = YES;
				GCC_WARN_UNINITIALIZED_AUTOS = YES_AGGRESSIVE;
				GCC_WARN_UNUSED_FUNCTION = YES;
				GCC_WARN_UNUSED_VARIABLE = YES;
				IPHONEOS_DEPLOYMENT_TARGET = 12.0;
				MTL_ENABLE_DEBUG_INFO = NO;
				MTL_FAST_MATH = YES;
				SDKROOT = iphoneos;
				SWIFT_COMPILATION_MODE = wholemodule;
				SWIFT_OPTIMIZATION_LEVEL = "-O";
				VALIDATE_PRODUCT = YES;
				VERSIONING_SYSTEM = "apple-generic";
				VERSION_INFO_PREFIX = "";
			};
			name = Release;
		};
		470F79192ADD698B0058A097 /* Debug */ = {
			isa = XCBuildConfiguration;
			buildSettings = {
				CODE_SIGN_STYLE = Automatic;
				CURRENT_PROJECT_VERSION = 1;
				DEFINES_MODULE = YES;
				DEVELOPMENT_TEAM = Y9PJR2466S;
				DYLIB_COMPATIBILITY_VERSION = 1;
				DYLIB_CURRENT_VERSION = 1;
				DYLIB_INSTALL_NAME_BASE = "@rpath";
				ENABLE_MODULE_VERIFIER = YES;
				GENERATE_INFOPLIST_FILE = YES;
				INFOPLIST_KEY_NSHumanReadableCopyright = "";
				INSTALL_PATH = "$(LOCAL_LIBRARY_DIR)/Frameworks";
				IPHONEOS_DEPLOYMENT_TARGET = 12.0;
				LD_RUNPATH_SEARCH_PATHS = (
					"$(inherited)",
					"@executable_path/Frameworks",
					"@loader_path/Frameworks",
				);
				MARKETING_VERSION = 1.0;
				MODULE_VERIFIER_SUPPORTED_LANGUAGES = "objective-c objective-c++";
				MODULE_VERIFIER_SUPPORTED_LANGUAGE_STANDARDS = "gnu11 gnu++20";
				PRODUCT_BUNDLE_IDENTIFIER = com.thechsee.SwiftyLibraryOrg.SwiftyLibrary;
				PRODUCT_NAME = "$(TARGET_NAME:c99extidentifier)";
				SKIP_INSTALL = YES;
				SWIFT_EMIT_LOC_STRINGS = YES;
				SWIFT_VERSION = 5.0;
				TARGETED_DEVICE_FAMILY = "1,2";
			};
			name = Debug;
		};
		470F791A2ADD698B0058A097 /* Release */ = {
			isa = XCBuildConfiguration;
			buildSettings = {
				CODE_SIGN_STYLE = Automatic;
				CURRENT_PROJECT_VERSION = 1;
				DEFINES_MODULE = YES;
				DEVELOPMENT_TEAM = Y9PJR2466S;
				DYLIB_COMPATIBILITY_VERSION = 1;
				DYLIB_CURRENT_VERSION = 1;
				DYLIB_INSTALL_NAME_BASE = "@rpath";
				ENABLE_MODULE_VERIFIER = YES;
				GENERATE_INFOPLIST_FILE = YES;
				INFOPLIST_KEY_NSHumanReadableCopyright = "";
				INSTALL_PATH = "$(LOCAL_LIBRARY_DIR)/Frameworks";
				IPHONEOS_DEPLOYMENT_TARGET = 12.0;
				LD_RUNPATH_SEARCH_PATHS = (
					"$(inherited)",
					"@executable_path/Frameworks",
					"@loader_path/Frameworks",
				);
				MARKETING_VERSION = 1.0;
				MODULE_VERIFIER_SUPPORTED_LANGUAGES = "objective-c objective-c++";
				MODULE_VERIFIER_SUPPORTED_LANGUAGE_STANDARDS = "gnu11 gnu++20";
				PRODUCT_BUNDLE_IDENTIFIER = com.thechsee.SwiftyLibraryOrg.SwiftyLibrary;
				PRODUCT_NAME = "$(TARGET_NAME:c99extidentifier)";
				SKIP_INSTALL = YES;
				SWIFT_EMIT_LOC_STRINGS = YES;
				SWIFT_VERSION = 5.0;
				TARGETED_DEVICE_FAMILY = "1,2";
			};
			name = Release;
		};
		470F791C2ADD698B0058A097 /* Debug */ = {
			isa = XCBuildConfiguration;
			buildSettings = {
				ALWAYS_EMBED_SWIFT_STANDARD_LIBRARIES = YES;
				CODE_SIGN_STYLE = Automatic;
				CURRENT_PROJECT_VERSION = 1;
				DEVELOPMENT_TEAM = Y9PJR2466S;
				GENERATE_INFOPLIST_FILE = YES;
				IPHONEOS_DEPLOYMENT_TARGET = 12.0;
				MARKETING_VERSION = 1.0;
				PRODUCT_BUNDLE_IDENTIFIER = com.thechsee.SwiftyLibraryOrg.SwiftyLibraryTests;
				PRODUCT_NAME = "$(TARGET_NAME)";
				SWIFT_EMIT_LOC_STRINGS = NO;
				SWIFT_VERSION = 5.0;
				TARGETED_DEVICE_FAMILY = "1,2";
			};
			name = Debug;
		};
		470F791D2ADD698B0058A097 /* Release */ = {
			isa = XCBuildConfiguration;
			buildSettings = {
				ALWAYS_EMBED_SWIFT_STANDARD_LIBRARIES = YES;
				CODE_SIGN_STYLE = Automatic;
				CURRENT_PROJECT_VERSION = 1;
				DEVELOPMENT_TEAM = Y9PJR2466S;
				GENERATE_INFOPLIST_FILE = YES;
				IPHONEOS_DEPLOYMENT_TARGET = 12.0;
				MARKETING_VERSION = 1.0;
				PRODUCT_BUNDLE_IDENTIFIER = com.thechsee.SwiftyLibraryOrg.SwiftyLibraryTests;
				PRODUCT_NAME = "$(TARGET_NAME)";
				SWIFT_EMIT_LOC_STRINGS = NO;
				SWIFT_VERSION = 5.0;
				TARGETED_DEVICE_FAMILY = "1,2";
			};
			name = Release;
		};
		470F792E2ADD6BEE0058A097 /* Debug */ = {
			isa = XCBuildConfiguration;
			buildSettings = {
				ASSETCATALOG_COMPILER_APPICON_NAME = AppIcon;
				ASSETCATALOG_COMPILER_GLOBAL_ACCENT_COLOR_NAME = AccentColor;
				CODE_SIGN_STYLE = Automatic;
				CURRENT_PROJECT_VERSION = 1;
				DEVELOPMENT_ASSET_PATHS = "\"SwiftyLibraryExamples/Preview Content\"";
				DEVELOPMENT_TEAM = Y9PJR2466S;
				ENABLE_PREVIEWS = YES;
				GENERATE_INFOPLIST_FILE = YES;
				INFOPLIST_KEY_UIApplicationSceneManifest_Generation = YES;
				INFOPLIST_KEY_UIApplicationSupportsIndirectInputEvents = YES;
				INFOPLIST_KEY_UILaunchScreen_Generation = YES;
				INFOPLIST_KEY_UISupportedInterfaceOrientations_iPad = "UIInterfaceOrientationPortrait UIInterfaceOrientationPortraitUpsideDown UIInterfaceOrientationLandscapeLeft UIInterfaceOrientationLandscapeRight";
				INFOPLIST_KEY_UISupportedInterfaceOrientations_iPhone = "UIInterfaceOrientationPortrait UIInterfaceOrientationLandscapeLeft UIInterfaceOrientationLandscapeRight";
				IPHONEOS_DEPLOYMENT_TARGET = 12.0;
				LD_RUNPATH_SEARCH_PATHS = (
					"$(inherited)",
					"@executable_path/Frameworks",
				);
				MARKETING_VERSION = 1.0;
				PRODUCT_BUNDLE_IDENTIFIER = com.thechsee.SwiftyLibraryOrg.SwiftyLibraryExamples;
				PRODUCT_NAME = "$(TARGET_NAME)";
				SWIFT_EMIT_LOC_STRINGS = YES;
				SWIFT_VERSION = 5.0;
				TARGETED_DEVICE_FAMILY = "1,2";
			};
			name = Debug;
		};
		470F792F2ADD6BEE0058A097 /* Release */ = {
			isa = XCBuildConfiguration;
			buildSettings = {
				ASSETCATALOG_COMPILER_APPICON_NAME = AppIcon;
				ASSETCATALOG_COMPILER_GLOBAL_ACCENT_COLOR_NAME = AccentColor;
				CODE_SIGN_STYLE = Automatic;
				CURRENT_PROJECT_VERSION = 1;
				DEVELOPMENT_ASSET_PATHS = "\"SwiftyLibraryExamples/Preview Content\"";
				DEVELOPMENT_TEAM = Y9PJR2466S;
				ENABLE_PREVIEWS = YES;
				GENERATE_INFOPLIST_FILE = YES;
				INFOPLIST_KEY_UIApplicationSceneManifest_Generation = YES;
				INFOPLIST_KEY_UIApplicationSupportsIndirectInputEvents = YES;
				INFOPLIST_KEY_UILaunchScreen_Generation = YES;
				INFOPLIST_KEY_UISupportedInterfaceOrientations_iPad = "UIInterfaceOrientationPortrait UIInterfaceOrientationPortraitUpsideDown UIInterfaceOrientationLandscapeLeft UIInterfaceOrientationLandscapeRight";
				INFOPLIST_KEY_UISupportedInterfaceOrientations_iPhone = "UIInterfaceOrientationPortrait UIInterfaceOrientationLandscapeLeft UIInterfaceOrientationLandscapeRight";
				IPHONEOS_DEPLOYMENT_TARGET = 12.0;
				LD_RUNPATH_SEARCH_PATHS = (
					"$(inherited)",
					"@executable_path/Frameworks",
				);
				MARKETING_VERSION = 1.0;
				PRODUCT_BUNDLE_IDENTIFIER = com.thechsee.SwiftyLibraryOrg.SwiftyLibraryExamples;
				PRODUCT_NAME = "$(TARGET_NAME)";
				SWIFT_EMIT_LOC_STRINGS = YES;
				SWIFT_VERSION = 5.0;
				TARGETED_DEVICE_FAMILY = "1,2";
			};
			name = Release;
		};
/* End XCBuildConfiguration section */

/* Begin XCConfigurationList section */
		470F78FE2ADD698B0058A097 /* Build configuration list for PBXProject "SwiftyLibrary" */ = {
			isa = XCConfigurationList;
			buildConfigurations = (
				470F79162ADD698B0058A097 /* Debug */,
				470F79172ADD698B0058A097 /* Release */,
			);
			defaultConfigurationIsVisible = 0;
			defaultConfigurationName = Release;
		};
		470F79182ADD698B0058A097 /* Build configuration list for PBXNativeTarget "SwiftyLibrary" */ = {
			isa = XCConfigurationList;
			buildConfigurations = (
				470F79192ADD698B0058A097 /* Debug */,
				470F791A2ADD698B0058A097 /* Release */,
			);
			defaultConfigurationIsVisible = 0;
			defaultConfigurationName = Release;
		};
		470F791B2ADD698B0058A097 /* Build configuration list for PBXNativeTarget "SwiftyLibraryTests" */ = {
			isa = XCConfigurationList;
			buildConfigurations = (
				470F791C2ADD698B0058A097 /* Debug */,
				470F791D2ADD698B0058A097 /* Release */,
			);
			defaultConfigurationIsVisible = 0;
			defaultConfigurationName = Release;
		};
		470F792D2ADD6BEE0058A097 /* Build configuration list for PBXNativeTarget "SwiftyLibraryExamples" */ = {
			isa = XCConfigurationList;
			buildConfigurations = (
				470F792E2ADD6BEE0058A097 /* Debug */,
				470F792F2ADD6BEE0058A097 /* Release */,
			);
			defaultConfigurationIsVisible = 0;
			defaultConfigurationName = Release;
		};
/* End XCConfigurationList section */
	};
	rootObject = 470F78FB2ADD698B0058A097 /* Project object */;
}
